
Microsoft Visual Studio Solution File, Format Version 12.00
# Visual Studio Version 16
VisualStudioVersion = 16.0.31624.102
MinimumVisualStudioVersion = 10.0.40219.1
Project("{9A19103F-16F7-4668-BE54-9A1E7A4F7556}") = "Soapbox.Web", "Soapbox.Web\Soapbox.Web.csproj", "{318EEE6C-47C5-4A78-8581-43CBFC80C5B2}"
EndProject
Project("{2150E333-8FDC-42A3-9474-1A3956D46DE8}") = "Solution Items", "Solution Items", "{8FCA0F88-7F03-4549-BCA8-BE90FFF9CC4D}"
	ProjectSection(SolutionItems) = preProject
		.editorconfig = .editorconfig
	EndProjectSection
EndProject
Project("{9A19103F-16F7-4668-BE54-9A1E7A4F7556}") = "Soapbox.DataAccess.Sqlite", "Soapbox.DataAccess.Sqlite\Soapbox.DataAccess.Sqlite.csproj", "{D66B4870-C6FF-4B50-A58B-C547C011C371}"
EndProject
Project("{9A19103F-16F7-4668-BE54-9A1E7A4F7556}") = "Soapbox.DataAccess", "Soapbox.DataAccess\Soapbox.DataAccess.csproj", "{07AF51C6-5CD8-4387-A85F-BC25D1CCB3CE}"
EndProject
Project("{9A19103F-16F7-4668-BE54-9A1E7A4F7556}") = "Soapbox.Models", "Soapbox.Models\Soapbox.Models.csproj", "{F66AA056-5FBA-47D8-83D1-542CA78C30BF}"
EndProject
Project("{9A19103F-16F7-4668-BE54-9A1E7A4F7556}") = "Soapbox.Core", "Soapbox.Core\Soapbox.Core.csproj", "{F91E4F81-8049-40DD-AE3B-856CA28CB8E3}"
EndProject
Project("{9A19103F-16F7-4668-BE54-9A1E7A4F7556}") = "Soapbox.Domain", "Soapbox.Domain\Soapbox.Domain.csproj", "{08B8BA0F-5375-43A4-981C-8BC73AFC3F17}"
EndProject
Project("{2150E333-8FDC-42A3-9474-1A3956D46DE8}") = "Tests", "Tests", "{A3B1592C-B16F-4905-8A1E-110996071D41}"
EndProject
Global
	GlobalSection(SolutionConfigurationPlatforms) = preSolution
		Debug|Any CPU = Debug|Any CPU
		Release|Any CPU = Release|Any CPU
	EndGlobalSection
	GlobalSection(ProjectConfigurationPlatforms) = postSolution
		{318EEE6C-47C5-4A78-8581-43CBFC80C5B2}.Debug|Any CPU.ActiveCfg = Debug|Any CPU
		{318EEE6C-47C5-4A78-8581-43CBFC80C5B2}.Debug|Any CPU.Build.0 = Debug|Any CPU
		{318EEE6C-47C5-4A78-8581-43CBFC80C5B2}.Release|Any CPU.ActiveCfg = Release|Any CPU
		{318EEE6C-47C5-4A78-8581-43CBFC80C5B2}.Release|Any CPU.Build.0 = Release|Any CPU
		{D66B4870-C6FF-4B50-A58B-C547C011C371}.Debug|Any CPU.ActiveCfg = Debug|Any CPU
		{D66B4870-C6FF-4B50-A58B-C547C011C371}.Debug|Any CPU.Build.0 = Debug|Any CPU
		{D66B4870-C6FF-4B50-A58B-C547C011C371}.Release|Any CPU.ActiveCfg = Release|Any CPU
		{D66B4870-C6FF-4B50-A58B-C547C011C371}.Release|Any CPU.Build.0 = Release|Any CPU
		{07AF51C6-5CD8-4387-A85F-BC25D1CCB3CE}.Debug|Any CPU.ActiveCfg = Debug|Any CPU
		{07AF51C6-5CD8-4387-A85F-BC25D1CCB3CE}.Debug|Any CPU.Build.0 = Debug|Any CPU
		{07AF51C6-5CD8-4387-A85F-BC25D1CCB3CE}.Release|Any CPU.ActiveCfg = Release|Any CPU
		{07AF51C6-5CD8-4387-A85F-BC25D1CCB3CE}.Release|Any CPU.Build.0 = Release|Any CPU
		{F66AA056-5FBA-47D8-83D1-542CA78C30BF}.Debug|Any CPU.ActiveCfg = Debug|Any CPU
		{F66AA056-5FBA-47D8-83D1-542CA78C30BF}.Debug|Any CPU.Build.0 = Debug|Any CPU
		{F66AA056-5FBA-47D8-83D1-542CA78C30BF}.Release|Any CPU.ActiveCfg = Release|Any CPU
		{F66AA056-5FBA-47D8-83D1-542CA78C30BF}.Release|Any CPU.Build.0 = Release|Any CPU
		{F91E4F81-8049-40DD-AE3B-856CA28CB8E3}.Debug|Any CPU.ActiveCfg = Debug|Any CPU
		{F91E4F81-8049-40DD-AE3B-856CA28CB8E3}.Debug|Any CPU.Build.0 = Debug|Any CPU
		{F91E4F81-8049-40DD-AE3B-856CA28CB8E3}.Release|Any CPU.ActiveCfg = Release|Any CPU
		{F91E4F81-8049-40DD-AE3B-856CA28CB8E3}.Release|Any CPU.Build.0 = Release|Any CPU
		{08B8BA0F-5375-43A4-981C-8BC73AFC3F17}.Debug|Any CPU.ActiveCfg = Debug|Any CPU
		{08B8BA0F-5375-43A4-981C-8BC73AFC3F17}.Debug|Any CPU.Build.0 = Debug|Any CPU
		{08B8BA0F-5375-43A4-981C-8BC73AFC3F17}.Release|Any CPU.ActiveCfg = Release|Any CPU
		{08B8BA0F-5375-43A4-981C-8BC73AFC3F17}.Release|Any CPU.Build.0 = Release|Any CPU
	EndGlobalSection
	GlobalSection(SolutionProperties) = preSolution
		HideSolutionNode = FALSE
	EndGlobalSection
	GlobalSection(ExtensibilityGlobals) = postSolution
		SolutionGuid = {7C6FFBC3-6A1C-44FF-9D43-A119A74103CB}
	EndGlobalSection
EndGlobal
